// !$*UTF8*$!
{
	archiveVersion = 1;
	classes = {
	};
	objectVersion = 46;
	objects = {

/* Begin PBXBuildFile section */
		9151BEC503DB9808A3B46F10 /* libPods-helloUITests.a in Frameworks */ = {isa = PBXBuildFile; fileRef = 677D5C883A2CC4B8A563B3F6 /* libPods-helloUITests.a */; };
		960C50691D5E64B500713E0A /* main.m in Sources */ = {isa = PBXBuildFile; fileRef = 960C50681D5E64B500713E0A /* main.m */; };
		960C506C1D5E64B500713E0A /* AppDelegate.m in Sources */ = {isa = PBXBuildFile; fileRef = 960C506B1D5E64B500713E0A /* AppDelegate.m */; };
		960C506F1D5E64B500713E0A /* ViewController.m in Sources */ = {isa = PBXBuildFile; fileRef = 960C506E1D5E64B500713E0A /* ViewController.m */; };
		960C50721D5E64B500713E0A /* Main.storyboard in Resources */ = {isa = PBXBuildFile; fileRef = 960C50701D5E64B500713E0A /* Main.storyboard */; };
		960C50741D5E64B500713E0A /* Assets.xcassets in Resources */ = {isa = PBXBuildFile; fileRef = 960C50731D5E64B500713E0A /* Assets.xcassets */; };
		960C50771D5E64B500713E0A /* LaunchScreen.storyboard in Resources */ = {isa = PBXBuildFile; fileRef = 960C50751D5E64B500713E0A /* LaunchScreen.storyboard */; };
		960C50821D5E64B500713E0A /* helloTests.m in Sources */ = {isa = PBXBuildFile; fileRef = 960C50811D5E64B500713E0A /* helloTests.m */; };
		960C508D1D5E64B500713E0A /* helloUITests.m in Sources */ = {isa = PBXBuildFile; fileRef = 960C508C1D5E64B500713E0A /* helloUITests.m */; };
		B5C90E453DFFA65C580F38B5 /* libPods-helloTests.a in Frameworks */ = {isa = PBXBuildFile; fileRef = 3C508BDF2BA79F046F0951EF /* libPods-helloTests.a */; };
		CF28F983388C8D3AD163FFAB /* libPods-hello.a in Frameworks */ = {isa = PBXBuildFile; fileRef = 91D050E12951EA52CA4D72CD /* libPods-hello.a */; };
/* End PBXBuildFile section */

/* Begin PBXContainerItemProxy section */
		960C507E1D5E64B500713E0A /* PBXContainerItemProxy */ = {
			isa = PBXContainerItemProxy;
			containerPortal = 960C505C1D5E64B400713E0A /* Project object */;
			proxyType = 1;
			remoteGlobalIDString = 960C50631D5E64B400713E0A;
			remoteInfo = hello;
		};
		960C50891D5E64B500713E0A /* PBXContainerItemProxy */ = {
			isa = PBXContainerItemProxy;
			containerPortal = 960C505C1D5E64B400713E0A /* Project object */;
			proxyType = 1;
			remoteGlobalIDString = 960C50631D5E64B400713E0A;
			remoteInfo = hello;
		};
/* End PBXContainerItemProxy section */

/* Begin PBXFileReference section */
		3C508BDF2BA79F046F0951EF /* libPods-helloTests.a */ = {isa = PBXFileReference; explicitFileType = archive.ar; includeInIndex = 0; path = "libPods-helloTests.a"; sourceTree = BUILT_PRODUCTS_DIR; };
		3D4BC4D9A173E3899FDFA650 /* Pods-helloTests.debug.xcconfig */ = {isa = PBXFileReference; includeInIndex = 1; lastKnownFileType = text.xcconfig; name = "Pods-helloTests.debug.xcconfig"; path = "Pods/Target Support Files/Pods-helloTests/Pods-helloTests.debug.xcconfig"; sourceTree = "<group>"; };
		651EDBDA3CDE0B1BA003F88B /* Pods-helloUITests.release.xcconfig */ = {isa = PBXFileReference; includeInIndex = 1; lastKnownFileType = text.xcconfig; name = "Pods-helloUITests.release.xcconfig"; path = "Pods/Target Support Files/Pods-helloUITests/Pods-helloUITests.release.xcconfig"; sourceTree = "<group>"; };
		677D5C883A2CC4B8A563B3F6 /* libPods-helloUITests.a */ = {isa = PBXFileReference; explicitFileType = archive.ar; includeInIndex = 0; path = "libPods-helloUITests.a"; sourceTree = BUILT_PRODUCTS_DIR; };
		8EAAF0CB445977F31ED9ADE8 /* Pods-helloTests.release.xcconfig */ = {isa = PBXFileReference; includeInIndex = 1; lastKnownFileType = text.xcconfig; name = "Pods-helloTests.release.xcconfig"; path = "Pods/Target Support Files/Pods-helloTests/Pods-helloTests.release.xcconfig"; sourceTree = "<group>"; };
		91D050E12951EA52CA4D72CD /* libPods-hello.a */ = {isa = PBXFileReference; explicitFileType = archive.ar; includeInIndex = 0; path = "libPods-hello.a"; sourceTree = BUILT_PRODUCTS_DIR; };
		960C50641D5E64B500713E0A /* hello.app */ = {isa = PBXFileReference; explicitFileType = wrapper.application; includeInIndex = 0; path = hello.app; sourceTree = BUILT_PRODUCTS_DIR; };
		960C50681D5E64B500713E0A /* main.m */ = {isa = PBXFileReference; lastKnownFileType = sourcecode.c.objc; path = main.m; sourceTree = "<group>"; };
		960C506A1D5E64B500713E0A /* AppDelegate.h */ = {isa = PBXFileReference; lastKnownFileType = sourcecode.c.h; path = AppDelegate.h; sourceTree = "<group>"; };
		960C506B1D5E64B500713E0A /* AppDelegate.m */ = {isa = PBXFileReference; lastKnownFileType = sourcecode.c.objc; path = AppDelegate.m; sourceTree = "<group>"; };
		960C506D1D5E64B500713E0A /* ViewController.h */ = {isa = PBXFileReference; lastKnownFileType = sourcecode.c.h; path = ViewController.h; sourceTree = "<group>"; };
		960C506E1D5E64B500713E0A /* ViewController.m */ = {isa = PBXFileReference; lastKnownFileType = sourcecode.c.objc; path = ViewController.m; sourceTree = "<group>"; };
		960C50711D5E64B500713E0A /* Base */ = {isa = PBXFileReference; lastKnownFileType = file.storyboard; name = Base; path = Base.lproj/Main.storyboard; sourceTree = "<group>"; };
		960C50731D5E64B500713E0A /* Assets.xcassets */ = {isa = PBXFileReference; lastKnownFileType = folder.assetcatalog; path = Assets.xcassets; sourceTree = "<group>"; };
		960C50761D5E64B500713E0A /* Base */ = {isa = PBXFileReference; lastKnownFileType = file.storyboard; name = Base; path = Base.lproj/LaunchScreen.storyboard; sourceTree = "<group>"; };
		960C50781D5E64B500713E0A /* Info.plist */ = {isa = PBXFileReference; lastKnownFileType = text.plist.xml; path = Info.plist; sourceTree = "<group>"; };
		960C507D1D5E64B500713E0A /* helloTests.xctest */ = {isa = PBXFileReference; explicitFileType = wrapper.cfbundle; includeInIndex = 0; path = helloTests.xctest; sourceTree = BUILT_PRODUCTS_DIR; };
		960C50811D5E64B500713E0A /* helloTests.m */ = {isa = PBXFileReference; lastKnownFileType = sourcecode.c.objc; path = helloTests.m; sourceTree = "<group>"; };
		960C50831D5E64B500713E0A /* Info.plist */ = {isa = PBXFileReference; lastKnownFileType = text.plist.xml; path = Info.plist; sourceTree = "<group>"; };
		960C50881D5E64B500713E0A /* helloUITests.xctest */ = {isa = PBXFileReference; explicitFileType = wrapper.cfbundle; includeInIndex = 0; path = helloUITests.xctest; sourceTree = BUILT_PRODUCTS_DIR; };
		960C508C1D5E64B500713E0A /* helloUITests.m */ = {isa = PBXFileReference; lastKnownFileType = sourcecode.c.objc; path = helloUITests.m; sourceTree = "<group>"; };
		960C508E1D5E64B500713E0A /* Info.plist */ = {isa = PBXFileReference; lastKnownFileType = text.plist.xml; path = Info.plist; sourceTree = "<group>"; };
		A1F94B735860CD8685E5F6AA /* Pods-helloUITests.debug.xcconfig */ = {isa = PBXFileReference; includeInIndex = 1; lastKnownFileType = text.xcconfig; name = "Pods-helloUITests.debug.xcconfig"; path = "Pods/Target Support Files/Pods-helloUITests/Pods-helloUITests.debug.xcconfig"; sourceTree = "<group>"; };
		C817C04455B8C213443EDA4B /* Pods-hello.release.xcconfig */ = {isa = PBXFileReference; includeInIndex = 1; lastKnownFileType = text.xcconfig; name = "Pods-hello.release.xcconfig"; path = "Pods/Target Support Files/Pods-hello/Pods-hello.release.xcconfig"; sourceTree = "<group>"; };
		CA5E59D0EDC6DF5B0AA4685E /* Pods-hello.debug.xcconfig */ = {isa = PBXFileReference; includeInIndex = 1; lastKnownFileType = text.xcconfig; name = "Pods-hello.debug.xcconfig"; path = "Pods/Target Support Files/Pods-hello/Pods-hello.debug.xcconfig"; sourceTree = "<group>"; };
/* End PBXFileReference section */

/* Begin PBXFrameworksBuildPhase section */
		960C50611D5E64B400713E0A /* Frameworks */ = {
			isa = PBXFrameworksBuildPhase;
			buildActionMask = 2147483647;
			files = (
				CF28F983388C8D3AD163FFAB /* libPods-hello.a in Frameworks */,
			);
			runOnlyForDeploymentPostprocessing = 0;
		};
		960C507A1D5E64B500713E0A /* Frameworks */ = {
			isa = PBXFrameworksBuildPhase;
			buildActionMask = 2147483647;
			files = (
				B5C90E453DFFA65C580F38B5 /* libPods-helloTests.a in Frameworks */,
			);
			runOnlyForDeploymentPostprocessing = 0;
		};
		960C50851D5E64B500713E0A /* Frameworks */ = {
			isa = PBXFrameworksBuildPhase;
			buildActionMask = 2147483647;
			files = (
				9151BEC503DB9808A3B46F10 /* libPods-helloUITests.a in Frameworks */,
			);
			runOnlyForDeploymentPostprocessing = 0;
		};
/* End PBXFrameworksBuildPhase section */

/* Begin PBXGroup section */
		960C505B1D5E64B400713E0A = {
			isa = PBXGroup;
			children = (
				960C50661D5E64B500713E0A /* hello */,
				960C50801D5E64B500713E0A /* helloTests */,
				960C508B1D5E64B500713E0A /* helloUITests */,
				960C50651D5E64B500713E0A /* Products */,
				D0851E99B258DDF6BDF3F6A7 /* Pods */,
				9BFD5C4BE60092BC26BD953F /* Frameworks */,
			);
			sourceTree = "<group>";
		};
		960C50651D5E64B500713E0A /* Products */ = {
			isa = PBXGroup;
			children = (
				960C50641D5E64B500713E0A /* hello.app */,
				960C507D1D5E64B500713E0A /* helloTests.xctest */,
				960C50881D5E64B500713E0A /* helloUITests.xctest */,
			);
			name = Products;
			sourceTree = "<group>";
		};
		960C50661D5E64B500713E0A /* hello */ = {
			isa = PBXGroup;
			children = (
				960C506A1D5E64B500713E0A /* AppDelegate.h */,
				960C506B1D5E64B500713E0A /* AppDelegate.m */,
				960C506D1D5E64B500713E0A /* ViewController.h */,
				960C506E1D5E64B500713E0A /* ViewController.m */,
				960C50701D5E64B500713E0A /* Main.storyboard */,
				960C50731D5E64B500713E0A /* Assets.xcassets */,
				960C50751D5E64B500713E0A /* LaunchScreen.storyboard */,
				960C50781D5E64B500713E0A /* Info.plist */,
				960C50671D5E64B500713E0A /* Supporting Files */,
			);
			path = hello;
			sourceTree = "<group>";
		};
		960C50671D5E64B500713E0A /* Supporting Files */ = {
			isa = PBXGroup;
			children = (
				960C50681D5E64B500713E0A /* main.m */,
			);
			name = "Supporting Files";
			sourceTree = "<group>";
		};
		960C50801D5E64B500713E0A /* helloTests */ = {
			isa = PBXGroup;
			children = (
				960C50811D5E64B500713E0A /* helloTests.m */,
				960C50831D5E64B500713E0A /* Info.plist */,
			);
			path = helloTests;
			sourceTree = "<group>";
		};
		960C508B1D5E64B500713E0A /* helloUITests */ = {
			isa = PBXGroup;
			children = (
				960C508C1D5E64B500713E0A /* helloUITests.m */,
				960C508E1D5E64B500713E0A /* Info.plist */,
			);
			path = helloUITests;
			sourceTree = "<group>";
		};
		9BFD5C4BE60092BC26BD953F /* Frameworks */ = {
			isa = PBXGroup;
			children = (
				91D050E12951EA52CA4D72CD /* libPods-hello.a */,
				3C508BDF2BA79F046F0951EF /* libPods-helloTests.a */,
				677D5C883A2CC4B8A563B3F6 /* libPods-helloUITests.a */,
			);
			name = Frameworks;
			sourceTree = "<group>";
		};
		D0851E99B258DDF6BDF3F6A7 /* Pods */ = {
			isa = PBXGroup;
			children = (
				CA5E59D0EDC6DF5B0AA4685E /* Pods-hello.debug.xcconfig */,
				C817C04455B8C213443EDA4B /* Pods-hello.release.xcconfig */,
				3D4BC4D9A173E3899FDFA650 /* Pods-helloTests.debug.xcconfig */,
				8EAAF0CB445977F31ED9ADE8 /* Pods-helloTests.release.xcconfig */,
				A1F94B735860CD8685E5F6AA /* Pods-helloUITests.debug.xcconfig */,
				651EDBDA3CDE0B1BA003F88B /* Pods-helloUITests.release.xcconfig */,
			);
			name = Pods;
			sourceTree = "<group>";
		};
/* End PBXGroup section */

/* Begin PBXNativeTarget section */
		960C50631D5E64B400713E0A /* hello */ = {
			isa = PBXNativeTarget;
			buildConfigurationList = 960C50911D5E64B500713E0A /* Build configuration list for PBXNativeTarget "hello" */;
			buildPhases = (
				6EE70D80B51A1076FE9734A2 /* [CP] Check Pods Manifest.lock */,
				960C50601D5E64B400713E0A /* Sources */,
				960C50611D5E64B400713E0A /* Frameworks */,
				960C50621D5E64B400713E0A /* Resources */,
				209CC161377B49747F909C10 /* [CP] Embed Pods Frameworks */,
				1AD1076FB10032FC68F8DDBA /* [CP] Copy Pods Resources */,
			);
			buildRules = (
			);
			dependencies = (
			);
			name = hello;
			productName = hello;
			productReference = 960C50641D5E64B500713E0A /* hello.app */;
			productType = "com.apple.product-type.application";
		};
		960C507C1D5E64B500713E0A /* helloTests */ = {
			isa = PBXNativeTarget;
			buildConfigurationList = 960C50941D5E64B500713E0A /* Build configuration list for PBXNativeTarget "helloTests" */;
			buildPhases = (
				5BFA2A7ACDC130BAE4ACE5B8 /* [CP] Check Pods Manifest.lock */,
				960C50791D5E64B500713E0A /* Sources */,
				960C507A1D5E64B500713E0A /* Frameworks */,
				960C507B1D5E64B500713E0A /* Resources */,
				C8295278EAE80A2607D777E5 /* [CP] Embed Pods Frameworks */,
				4D49DAA0B9F6849E4D738004 /* [CP] Copy Pods Resources */,
			);
			buildRules = (
			);
			dependencies = (
				960C507F1D5E64B500713E0A /* PBXTargetDependency */,
			);
			name = helloTests;
			productName = helloTests;
			productReference = 960C507D1D5E64B500713E0A /* helloTests.xctest */;
			productType = "com.apple.product-type.bundle.unit-test";
		};
		960C50871D5E64B500713E0A /* helloUITests */ = {
			isa = PBXNativeTarget;
			buildConfigurationList = 960C50971D5E64B500713E0A /* Build configuration list for PBXNativeTarget "helloUITests" */;
			buildPhases = (
				F7D431E03A185F4AB5B5C59F /* [CP] Check Pods Manifest.lock */,
				960C50841D5E64B500713E0A /* Sources */,
				960C50851D5E64B500713E0A /* Frameworks */,
				960C50861D5E64B500713E0A /* Resources */,
				E3E86E1A97FDD586C0E56261 /* [CP] Copy Pods Resources */,
			);
			buildRules = (
			);
			dependencies = (
				960C508A1D5E64B500713E0A /* PBXTargetDependency */,
			);
			name = helloUITests;
			productName = helloUITests;
			productReference = 960C50881D5E64B500713E0A /* helloUITests.xctest */;
			productType = "com.apple.product-type.bundle.ui-testing";
		};
/* End PBXNativeTarget section */

/* Begin PBXProject section */
		960C505C1D5E64B400713E0A /* Project object */ = {
			isa = PBXProject;
			attributes = {
				LastUpgradeCheck = 0730;
				ORGANIZATIONNAME = "Elaine Guo";
				TargetAttributes = {
					960C50631D5E64B400713E0A = {
						CreatedOnToolsVersion = 7.3.1;
					};
					960C507C1D5E64B500713E0A = {
						CreatedOnToolsVersion = 7.3.1;
						TestTargetID = 960C50631D5E64B400713E0A;
					};
					960C50871D5E64B500713E0A = {
						CreatedOnToolsVersion = 7.3.1;
						TestTargetID = 960C50631D5E64B400713E0A;
					};
				};
			};
			buildConfigurationList = 960C505F1D5E64B400713E0A /* Build configuration list for PBXProject "hello" */;
			compatibilityVersion = "Xcode 3.2";
			developmentRegion = English;
			hasScannedForEncodings = 0;
			knownRegions = (
				en,
				Base,
			);
			mainGroup = 960C505B1D5E64B400713E0A;
			productRefGroup = 960C50651D5E64B500713E0A /* Products */;
			projectDirPath = "";
			projectRoot = "";
			targets = (
				960C50631D5E64B400713E0A /* hello */,
				960C507C1D5E64B500713E0A /* helloTests */,
				960C50871D5E64B500713E0A /* helloUITests */,
			);
		};
/* End PBXProject section */

/* Begin PBXResourcesBuildPhase section */
		960C50621D5E64B400713E0A /* Resources */ = {
			isa = PBXResourcesBuildPhase;
			buildActionMask = 2147483647;
			files = (
				960C50771D5E64B500713E0A /* LaunchScreen.storyboard in Resources */,
				960C50741D5E64B500713E0A /* Assets.xcassets in Resources */,
				960C50721D5E64B500713E0A /* Main.storyboard in Resources */,
			);
			runOnlyForDeploymentPostprocessing = 0;
		};
		960C507B1D5E64B500713E0A /* Resources */ = {
			isa = PBXResourcesBuildPhase;
			buildActionMask = 2147483647;
			files = (
			);
			runOnlyForDeploymentPostprocessing = 0;
		};
		960C50861D5E64B500713E0A /* Resources */ = {
			isa = PBXResourcesBuildPhase;
			buildActionMask = 2147483647;
			files = (
			);
			runOnlyForDeploymentPostprocessing = 0;
		};
/* End PBXResourcesBuildPhase section */

/* Begin PBXShellScriptBuildPhase section */
		1AD1076FB10032FC68F8DDBA /* [CP] Copy Pods Resources */ = {
			isa = PBXShellScriptBuildPhase;
			buildActionMask = 2147483647;
			files = (
			);
			inputPaths = (
			);
			name = "[CP] Copy Pods Resources";
			outputPaths = (
			);
			runOnlyForDeploymentPostprocessing = 0;
			shellPath = /bin/sh;
			shellScript = "\"${SRCROOT}/Pods/Target Support Files/Pods-hello/Pods-hello-resources.sh\"\n";
			showEnvVarsInLog = 0;
		};
		209CC161377B49747F909C10 /* [CP] Embed Pods Frameworks */ = {
			isa = PBXShellScriptBuildPhase;
			buildActionMask = 2147483647;
			files = (
			);
			inputPaths = (
			);
			name = "[CP] Embed Pods Frameworks";
			outputPaths = (
			);
			runOnlyForDeploymentPostprocessing = 0;
			shellPath = /bin/sh;
			shellScript = "\"${SRCROOT}/Pods/Target Support Files/Pods-hello/Pods-hello-frameworks.sh\"\n";
			showEnvVarsInLog = 0;
		};
		4D49DAA0B9F6849E4D738004 /* [CP] Copy Pods Resources */ = {
			isa = PBXShellScriptBuildPhase;
			buildActionMask = 2147483647;
			files = (
			);
			inputPaths = (
			);
			name = "[CP] Copy Pods Resources";
			outputPaths = (
			);
			runOnlyForDeploymentPostprocessing = 0;
			shellPath = /bin/sh;
			shellScript = "\"${SRCROOT}/Pods/Target Support Files/Pods-helloTests/Pods-helloTests-resources.sh\"\n";
			showEnvVarsInLog = 0;
		};
		5BFA2A7ACDC130BAE4ACE5B8 /* [CP] Check Pods Manifest.lock */ = {
			isa = PBXShellScriptBuildPhase;
			buildActionMask = 2147483647;
			files = (
			);
			inputPaths = (
			);
			name = "[CP] Check Pods Manifest.lock";
			outputPaths = (
			);
			runOnlyForDeploymentPostprocessing = 0;
			shellPath = /bin/sh;
			shellScript = "diff \"${PODS_ROOT}/../Podfile.lock\" \"${PODS_ROOT}/Manifest.lock\" > /dev/null\nif [[ $? != 0 ]] ; then\n    cat << EOM\nerror: The sandbox is not in sync with the Podfile.lock. Run 'pod install' or update your CocoaPods installation.\nEOM\n    exit 1\nfi\n";
			showEnvVarsInLog = 0;
		};
		6EE70D80B51A1076FE9734A2 /* [CP] Check Pods Manifest.lock */ = {
			isa = PBXShellScriptBuildPhase;
			buildActionMask = 2147483647;
			files = (
			);
			inputPaths = (
			);
			name = "[CP] Check Pods Manifest.lock";
			outputPaths = (
			);
			runOnlyForDeploymentPostprocessing = 0;
			shellPath = /bin/sh;
			shellScript = "diff \"${PODS_ROOT}/../Podfile.lock\" \"${PODS_ROOT}/Manifest.lock\" > /dev/null\nif [[ $? != 0 ]] ; then\n    cat << EOM\nerror: The sandbox is not in sync with the Podfile.lock. Run 'pod install' or update your CocoaPods installation.\nEOM\n    exit 1\nfi\n";
			showEnvVarsInLog = 0;
		};
		C8295278EAE80A2607D777E5 /* [CP] Embed Pods Frameworks */ = {
			isa = PBXShellScriptBuildPhase;
			buildActionMask = 2147483647;
			files = (
			);
			inputPaths = (
			);
			name = "[CP] Embed Pods Frameworks";
			outputPaths = (
			);
			runOnlyForDeploymentPostprocessing = 0;
			shellPath = /bin/sh;
			shellScript = "\"${SRCROOT}/Pods/Target Support Files/Pods-helloTests/Pods-helloTests-frameworks.sh\"\n";
			showEnvVarsInLog = 0;
		};
		E3E86E1A97FDD586C0E56261 /* [CP] Copy Pods Resources */ = {
			isa = PBXShellScriptBuildPhase;
			buildActionMask = 2147483647;
			files = (
			);
			inputPaths = (
			);
			name = "[CP] Copy Pods Resources";
			outputPaths = (
			);
			runOnlyForDeploymentPostprocessing = 0;
			shellPath = /bin/sh;
			shellScript = "\"${SRCROOT}/Pods/Target Support Files/Pods-helloUITests/Pods-helloUITests-resources.sh\"\n";
			showEnvVarsInLog = 0;
		};
		F7D431E03A185F4AB5B5C59F /* [CP] Check Pods Manifest.lock */ = {
			isa = PBXShellScriptBuildPhase;
			buildActionMask = 2147483647;
			files = (
			);
			inputPaths = (
			);
			name = "[CP] Check Pods Manifest.lock";
			outputPaths = (
			);
			runOnlyForDeploymentPostprocessing = 0;
			shellPath = /bin/sh;
			shellScript = "diff \"${PODS_ROOT}/../Podfile.lock\" \"${PODS_ROOT}/Manifest.lock\" > /dev/null\nif [[ $? != 0 ]] ; then\n    cat << EOM\nerror: The sandbox is not in sync with the Podfile.lock. Run 'pod install' or update your CocoaPods installation.\nEOM\n    exit 1\nfi\n";
			showEnvVarsInLog = 0;
		};
/* End PBXShellScriptBuildPhase section */

/* Begin PBXSourcesBuildPhase section */
		960C50601D5E64B400713E0A /* Sources */ = {
			isa = PBXSourcesBuildPhase;
			buildActionMask = 2147483647;
			files = (
				960C506F1D5E64B500713E0A /* ViewController.m in Sources */,
				960C506C1D5E64B500713E0A /* AppDelegate.m in Sources */,
				960C50691D5E64B500713E0A /* main.m in Sources */,
			);
			runOnlyForDeploymentPostprocessing = 0;
		};
		960C50791D5E64B500713E0A /* Sources */ = {
			isa = PBXSourcesBuildPhase;
			buildActionMask = 2147483647;
			files = (
				960C50821D5E64B500713E0A /* helloTests.m in Sources */,
			);
			runOnlyForDeploymentPostprocessing = 0;
		};
		960C50841D5E64B500713E0A /* Sources */ = {
			isa = PBXSourcesBuildPhase;
			buildActionMask = 2147483647;
			files = (
				960C508D1D5E64B500713E0A /* helloUITests.m in Sources */,
			);
			runOnlyForDeploymentPostprocessing = 0;
		};
/* End PBXSourcesBuildPhase section */

/* Begin PBXTargetDependency section */
		960C507F1D5E64B500713E0A /* PBXTargetDependency */ = {
			isa = PBXTargetDependency;
			target = 960C50631D5E64B400713E0A /* hello */;
			targetProxy = 960C507E1D5E64B500713E0A /* PBXContainerItemProxy */;
		};
		960C508A1D5E64B500713E0A /* PBXTargetDependency */ = {
			isa = PBXTargetDependency;
			target = 960C50631D5E64B400713E0A /* hello */;
			targetProxy = 960C50891D5E64B500713E0A /* PBXContainerItemProxy */;
		};
/* End PBXTargetDependency section */

/* Begin PBXVariantGroup section */
		960C50701D5E64B500713E0A /* Main.storyboard */ = {
			isa = PBXVariantGroup;
			children = (
				960C50711D5E64B500713E0A /* Base */,
			);
			name = Main.storyboard;
			sourceTree = "<group>";
		};
		960C50751D5E64B500713E0A /* LaunchScreen.storyboard */ = {
			isa = PBXVariantGroup;
			children = (
				960C50761D5E64B500713E0A /* Base */,
			);
			name = LaunchScreen.storyboard;
			sourceTree = "<group>";
		};
/* End PBXVariantGroup section */

/* Begin XCBuildConfiguration section */
		960C508F1D5E64B500713E0A /* Debug */ = {
			isa = XCBuildConfiguration;
			buildSettings = {
				ALWAYS_SEARCH_USER_PATHS = NO;
				CLANG_ANALYZER_NONNULL = YES;
				CLANG_CXX_LANGUAGE_STANDARD = "gnu++0x";
				CLANG_CXX_LIBRARY = "libc++";
				CLANG_ENABLE_MODULES = YES;
				CLANG_ENABLE_OBJC_ARC = YES;
				CLANG_WARN_BOOL_CONVERSION = YES;
				CLANG_WARN_CONSTANT_CONVERSION = YES;
				CLANG_WARN_DIRECT_OBJC_ISA_USAGE = YES_ERROR;
				CLANG_WARN_EMPTY_BODY = YES;
				CLANG_WARN_ENUM_CONVERSION = YES;
				CLANG_WARN_INT_CONVERSION = YES;
				CLANG_WARN_OBJC_ROOT_CLASS = YES_ERROR;
				CLANG_WARN_UNREACHABLE_CODE = YES;
				CLANG_WARN__DUPLICATE_METHOD_MATCH = YES;
				"CODE_SIGN_IDENTITY[sdk=iphoneos*]" = "iPhone Developer";
				COPY_PHASE_STRIP = NO;
				DEBUG_INFORMATION_FORMAT = dwarf;
				ENABLE_STRICT_OBJC_MSGSEND = YES;
				ENABLE_TESTABILITY = YES;
				GCC_C_LANGUAGE_STANDARD = gnu99;
				GCC_DYNAMIC_NO_PIC = NO;
				GCC_NO_COMMON_BLOCKS = YES;
				GCC_OPTIMIZATION_LEVEL = 0;
				GCC_PREPROCESSOR_DEFINITIONS = (
					"DEBUG=1",
					"$(inherited)",
				);
				GCC_WARN_64_TO_32_BIT_CONVERSION = YES;
				GCC_WARN_ABOUT_RETURN_TYPE = YES_ERROR;
				GCC_WARN_UNDECLARED_SELECTOR = YES;
				GCC_WARN_UNINITIALIZED_AUTOS = YES_AGGRESSIVE;
				GCC_WARN_UNUSED_FUNCTION = YES;
				GCC_WARN_UNUSED_VARIABLE = YES;
				IPHONEOS_DEPLOYMENT_TARGET = 9.3;
				MTL_ENABLE_DEBUG_INFO = YES;
				ONLY_ACTIVE_ARCH = YES;
				SDKROOT = iphoneos;
			};
			name = Debug;
		};
		960C50901D5E64B500713E0A /* Release */ = {
			isa = XCBuildConfiguration;
			buildSettings = {
				ALWAYS_SEARCH_USER_PATHS = NO;
				CLANG_ANALYZER_NONNULL = YES;
				CLANG_CXX_LANGUAGE_STANDARD = "gnu++0x";
				CLANG_CXX_LIBRARY = "libc++";
				CLANG_ENABLE_MODULES = YES;
				CLANG_ENABLE_OBJC_ARC = YES;
				CLANG_WARN_BOOL_CONVERSION = YES;
				CLANG_WARN_CONSTANT_CONVERSION = YES;
				CLANG_WARN_DIRECT_OBJC_ISA_USAGE = YES_ERROR;
				CLANG_WARN_EMPTY_BODY = YES;
				CLANG_WARN_ENUM_CONVERSION = YES;
				CLANG_WARN_INT_CONVERSION = YES;
				CLANG_WARN_OBJC_ROOT_CLASS = YES_ERROR;
				CLANG_WARN_UNREACHABLE_CODE = YES;
				CLANG_WARN__DUPLICATE_METHOD_MATCH = YES;
				"CODE_SIGN_IDENTITY[sdk=iphoneos*]" = "iPhone Developer";
				COPY_PHASE_STRIP = NO;
				DEBUG_INFORMATION_FORMAT = "dwarf-with-dsym";
				ENABLE_NS_ASSERTIONS = NO;
				ENABLE_STRICT_OBJC_MSGSEND = YES;
				GCC_C_LANGUAGE_STANDARD = gnu99;
				GCC_NO_COMMON_BLOCKS = YES;
				GCC_WARN_64_TO_32_BIT_CONVERSION = YES;
				GCC_WARN_ABOUT_RETURN_TYPE = YES_ERROR;
				GCC_WARN_UNDECLARED_SELECTOR = YES;
				GCC_WARN_UNINITIALIZED_AUTOS = YES_AGGRESSIVE;
				GCC_WARN_UNUSED_FUNCTION = YES;
				GCC_WARN_UNUSED_VARIABLE = YES;
				IPHONEOS_DEPLOYMENT_TARGET = 9.3;
				MTL_ENABLE_DEBUG_INFO = NO;
				SDKROOT = iphoneos;
				VALIDATE_PRODUCT = YES;
			};
			name = Release;
		};
		960C50921D5E64B500713E0A /* Debug */ = {
			isa = XCBuildConfiguration;
			baseConfigurationReference = CA5E59D0EDC6DF5B0AA4685E /* Pods-hello.debug.xcconfig */;
			buildSettings = {
				ASSETCATALOG_COMPILER_APPICON_NAME = AppIcon;
				INFOPLIST_FILE = hello/Info.plist;
				LD_RUNPATH_SEARCH_PATHS = "$(inherited) @executable_path/Frameworks";
				PRODUCT_BUNDLE_IDENTIFIER = com.logicsolutions.hello;
				PRODUCT_NAME = "$(TARGET_NAME)";
			};
			name = Debug;
		};
		960C50931D5E64B500713E0A /* Release */ = {
			isa = XCBuildConfiguration;
			baseConfigurationReference = C817C04455B8C213443EDA4B /* Pods-hello.release.xcconfig */;
			buildSettings = {
				ASSETCATALOG_COMPILER_APPICON_NAME = AppIcon;
				INFOPLIST_FILE = hello/Info.plist;
				LD_RUNPATH_SEARCH_PATHS = "$(inherited) @executable_path/Frameworks";
				PRODUCT_BUNDLE_IDENTIFIER = com.logicsolutions.hello;
				PRODUCT_NAME = "$(TARGET_NAME)";
			};
			name = Release;
		};
		960C50951D5E64B500713E0A /* Debug */ = {
			isa = XCBuildConfiguration;
			baseConfigurationReference = 3D4BC4D9A173E3899FDFA650 /* Pods-helloTests.debug.xcconfig */;
			buildSettings = {
				BUNDLE_LOADER = "$(TEST_HOST)";
				INFOPLIST_FILE = helloTests/Info.plist;
				LD_RUNPATH_SEARCH_PATHS = "$(inherited) @executable_path/Frameworks @loader_path/Frameworks";
				PRODUCT_BUNDLE_IDENTIFIER = com.logicsolutions.helloTests;
				PRODUCT_NAME = "$(TARGET_NAME)";
				TEST_HOST = "$(BUILT_PRODUCTS_DIR)/hello.app/hello";
			};
			name = Debug;
		};
		960C50961D5E64B500713E0A /* Release */ = {
			isa = XCBuildConfiguration;
			baseConfigurationReference = 8EAAF0CB445977F31ED9ADE8 /* Pods-helloTests.release.xcconfig */;
			buildSettings = {
				BUNDLE_LOADER = "$(TEST_HOST)";
				INFOPLIST_FILE = helloTests/Info.plist;
				LD_RUNPATH_SEARCH_PATHS = "$(inherited) @executable_path/Frameworks @loader_path/Frameworks";
				PRODUCT_BUNDLE_IDENTIFIER = com.logicsolutions.helloTests;
				PRODUCT_NAME = "$(TARGET_NAME)";
				TEST_HOST = "$(BUILT_PRODUCTS_DIR)/hello.app/hello";
			};
			name = Release;
		};
		960C50981D5E64B500713E0A /* Debug */ = {
			isa = XCBuildConfiguration;
			baseConfigurationReference = A1F94B735860CD8685E5F6AA /* Pods-helloUITests.debug.xcconfig */;
			buildSettings = {
				INFOPLIST_FILE = helloUITests/Info.plist;
				LD_RUNPATH_SEARCH_PATHS = "$(inherited) @executable_path/Frameworks @loader_path/Frameworks";
				PRODUCT_BUNDLE_IDENTIFIER = com.logicsolutions.helloUITests;
				PRODUCT_NAME = "$(TARGET_NAME)";
				TEST_TARGET_NAME = hello;
			};
			name = Debug;
		};
		960C50991D5E64B500713E0A /* Release */ = {
			isa = XCBuildConfiguration;
			baseConfigurationReference = 651EDBDA3CDE0B1BA003F88B /* Pods-helloUITests.release.xcconfig */;
			buildSettings = {
				INFOPLIST_FILE = helloUITests/Info.plist;
				LD_RUNPATH_SEARCH_PATHS = "$(inherited) @executable_path/Frameworks @loader_path/Frameworks";
				PRODUCT_BUNDLE_IDENTIFIER = com.logicsolutions.helloUITests;
				PRODUCT_NAME = "$(TARGET_NAME)";
				TEST_TARGET_NAME = hello;
			};
			name = Release;
		};
/* End XCBuildConfiguration section */

/* Begin XCConfigurationList section */
		960C505F1D5E64B400713E0A /* Build configuration list for PBXProject "hello" */ = {
			isa = XCConfigurationList;
			buildConfigurations = (
				960C508F1D5E64B500713E0A /* Debug */,
				960C50901D5E64B500713E0A /* Release */,
			);
			defaultConfigurationIsVisible = 0;
			defaultConfigurationName = Release;
		};
		960C50911D5E64B500713E0A /* Build configuration list for PBXNativeTarget "hello" */ = {
			isa = XCConfigurationList;
			buildConfigurations = (
				960C50921D5E64B500713E0A /* Debug */,
				960C50931D5E64B500713E0A /* Release */,
			);
			defaultConfigurationIsVisible = 0;
			defaultConfigurationName = Release;
		};
		960C50941D5E64B500713E0A /* Build configuration list for PBXNativeTarget "helloTests" */ = {
			isa = XCConfigurationList;
			buildConfigurations = (
				960C50951D5E64B500713E0A /* Debug */,
				960C50961D5E64B500713E0A /* Release */,
			);
			defaultConfigurationIsVisible = 0;
			defaultConfigurationName = Release;
		};
		960C50971D5E64B500713E0A /* Build configuration list for PBXNativeTarget "helloUITests" */ = {
			isa = XCConfigurationList;
			buildConfigurations = (
				960C50981D5E64B500713E0A /* Debug */,
				960C50991D5E64B500713E0A /* Release */,
			);
			defaultConfigurationIsVisible = 0;
			defaultConfigurationName = Release;
		};
/* End XCConfigurationList section */
	};
	rootObject = 960C505C1D5E64B400713E0A /* Project object */;
}
